
Microsoft Visual Studio Solution File, Format Version 12.00
# Visual Studio Version 16
VisualStudioVersion = 16.0.30804.86
MinimumVisualStudioVersion = 10.0.40219.1
Project("{9A19103F-16F7-4668-BE54-9A1E7A4F7556}") = "Practise", "Practise.csproj", "{BB1801EF-F858-4DCA-8CE0-FBD64E8E3EBF}"
EndProject
Global
	GlobalSection(SolutionConfigurationPlatforms) = preSolution
		Debug|Any CPU = Debug|Any CPU
		Release|Any CPU = Release|Any CPU
	EndGlobalSection
	GlobalSection(ProjectConfigurationPlatforms) = postSolution
		{BB1801EF-F858-4DCA-8CE0-FBD64E8E3EBF}.Debug|Any CPU.ActiveCfg = Debug|Any CPU
		{BB1801EF-F858-4DCA-8CE0-FBD64E8E3EBF}.Debug|Any CPU.Build.0 = Debug|Any CPU
		{BB1801EF-F858-4DCA-8CE0-FBD64E8E3EBF}.Release|Any CPU.ActiveCfg = Release|Any CPU
		{BB1801EF-F858-4DCA-8CE0-FBD64E8E3EBF}.Release|Any CPU.Build.0 = Release|Any CPU
	EndGlobalSection
	GlobalSection(SolutionProperties) = preSolution
		HideSolutionNode = FALSE
	EndGlobalSection
	GlobalSection(ExtensibilityGlobals) = postSolution
		SolutionGuid = {1BED30FB-C9C5-4882-A582-626739D1921C}
	EndGlobalSection
EndGlobal
